
Microsoft Visual Studio Solution File, Format Version 12.00
# Visual Studio Version 17
VisualStudioVersion = 17.13.35507.96 d17.13
MinimumVisualStudioVersion = 10.0.40219.1
Project("{FAE04EC0-301F-11D3-BF4B-00C04F79EFBC}") = "SLot", "SLot\SLot.csproj", "{0E55DCC2-8A65-4EF6-A328-5A7304DFBAE7}"
EndProject
Global
	GlobalSection(SolutionConfigurationPlatforms) = preSolution
		Debug|Any CPU = Debug|Any CPU
		Release|Any CPU = Release|Any CPU
	EndGlobalSection
	GlobalSection(ProjectConfigurationPlatforms) = postSolution
		{0E55DCC2-8A65-4EF6-A328-5A7304DFBAE7}.Debug|Any CPU.ActiveCfg = Debug|Any CPU
		{0E55DCC2-8A65-4EF6-A328-5A7304DFBAE7}.Debug|Any CPU.Build.0 = Debug|Any CPU
		{0E55DCC2-8A65-4EF6-A328-5A7304DFBAE7}.Release|Any CPU.ActiveCfg = Release|Any CPU
		{0E55DCC2-8A65-4EF6-A328-5A7304DFBAE7}.Release|Any CPU.Build.0 = Release|Any CPU
	EndGlobalSection
	GlobalSection(SolutionProperties) = preSolution
		HideSolutionNode = FALSE
	EndGlobalSection
	GlobalSection(ExtensibilityGlobals) = postSolution
		SolutionGuid = {26AFCB8E-A584-483F-B7E5-77E064202116}
	EndGlobalSection
EndGlobal
